
Microsoft Visual Studio Solution File, Format Version 12.00
# Visual Studio Version 16
VisualStudioVersion = 16.0.30128.74
MinimumVisualStudioVersion = 10.0.40219.1
Project("{FAE04EC0-301F-11D3-BF4B-00C04F79EFBC}") = "Kolo", "Kolo.csproj", "{5384CE37-F2A3-491D-9EA7-33BC6342DD73}"
EndProject
Global
	GlobalSection(SolutionConfigurationPlatforms) = preSolution
		Debug|Any CPU = Debug|Any CPU
		Release|Any CPU = Release|Any CPU
	EndGlobalSection
	GlobalSection(ProjectConfigurationPlatforms) = postSolution
		{5384CE37-F2A3-491D-9EA7-33BC6342DD73}.Debug|Any CPU.ActiveCfg = Debug|Any CPU
		{5384CE37-F2A3-491D-9EA7-33BC6342DD73}.Debug|Any CPU.Build.0 = Debug|Any CPU
		{5384CE37-F2A3-491D-9EA7-33BC6342DD73}.Release|Any CPU.ActiveCfg = Release|Any CPU
		{5384CE37-F2A3-491D-9EA7-33BC6342DD73}.Release|Any CPU.Build.0 = Release|Any CPU
	EndGlobalSection
	GlobalSection(SolutionProperties) = preSolution
		HideSolutionNode = FALSE
	EndGlobalSection
	GlobalSection(ExtensibilityGlobals) = postSolution
		SolutionGuid = {63F95A79-5E70-49CC-96DD-467462C1E208}
	EndGlobalSection
EndGlobal
